# This file is autogenerated, do not edit; changes may be undone by the next 'dep ensure'.


[[projects]]
  name = "github.com/apex/go-apex"
  packages = ["."]
  revision = "338ee0137bc07a472789968021e66c5df905fc26"
  version = "v1.0.0"

[[projects]]
  name = "github.com/aws/aws-sdk-go"
  packages = ["aws","aws/awserr","aws/awsutil","aws/client","aws/client/metadata","aws/corehandlers","aws/credentials","aws/credentials/ec2rolecreds","aws/credentials/endpointcreds","aws/credentials/stscreds","aws/defaults","aws/ec2metadata","aws/endpoints","aws/request","aws/session","aws/signer/v4","internal/shareddefaults","private/protocol","private/protocol/json/jsonutil","private/protocol/jsonrpc","private/protocol/query","private/protocol/query/queryutil","private/protocol/rest","private/protocol/xml/xmlutil","service/kinesis","service/sts"]
  revision = "1e7792b681d9bc32eff919999321b2589e891688"
  version = "v1.12.14"

[[projects]]
  name = "github.com/go-ini/ini"
  packages = ["."]
  revision = "5b3e00af70a9484542169a976dcab8d03e601a17"
  version = "v1.30.0"

[[projects]]
  branch = "master"
  name = "github.com/golang/protobuf"
  packages = ["proto"]
  revision = "130e6b02ab059e7b717a096f397c5b60111cae74"

[[projects]]
  name = "github.com/jmespath/go-jmespath"
  packages = ["."]
  revision = "0b12d6b5"

[[projects]]
  branch = "master"
  name = "github.com/tkuchiki/go-timezone"
  packages = ["."]
  revision = "356b1909dacee3835374185ba60f491e23d15b58"

[[projects]]
  name = "github.com/tkuchiki/parsetime"
  packages = ["."]
  revision = "779b66b16aeb0ff345f18b32e0d3b0fc05011080"
  version = "v0.2"

[solve-meta]
  analyzer-name = "dep"
  analyzer-version = 1
  inputs-digest = "eb7a3d2d1ef078e3c0d978ee60805958d3c893127af3fffeddb141db6bcef259"
  solver-name = "gps-cdcl"
  solver-version = 1
